
Microsoft Visual Studio Solution File, Format Version 12.00
# Visual Studio Version 17
VisualStudioVersion = 17.14.36811.4
MinimumVisualStudioVersion = 10.0.40219.1
Project("{8BC9CEB8-8B4A-11D0-8D11-00A0C91BC942}") = "StackWalkDetectPoC", "StackWalkDetectPoC\StackWalkDetectPoC.vcxproj", "{79B065D7-3655-4D10-AACE-F59E7F7E0909}"
EndProject
Project("{8BC9CEB8-8B4A-11D0-8D11-00A0C91BC942}") = "ShellcodeRunner", "ShellcodeRunner\ShellcodeRunner.vcxproj", "{21D89C52-417F-447C-B110-7B102EFE8A36}"
EndProject
Project("{8BC9CEB8-8B4A-11D0-8D11-00A0C91BC942}") = "StackWalk_REP", "StackWalk_REP\StackWalk_REP.vcxproj", "{92EF093B-1CA1-463A-B915-CE331BE576BD}"
EndProject
Project("{8BC9CEB8-8B4A-11D0-8D11-00A0C91BC942}") = "CalcLocalFuncStackSize", "CalcLocalFuncStackSize\CalcLocalFuncStackSize.vcxproj", "{CF5262F4-124B-4F45-BAE0-75694100EE89}"
EndProject
Global
	GlobalSection(SolutionConfigurationPlatforms) = preSolution
		Debug|x64 = Debug|x64
		Debug|x86 = Debug|x86
		Release|x64 = Release|x64
		Release|x86 = Release|x86
	EndGlobalSection
	GlobalSection(ProjectConfigurationPlatforms) = postSolution
		{79B065D7-3655-4D10-AACE-F59E7F7E0909}.Debug|x64.ActiveCfg = Debug|x64
		{79B065D7-3655-4D10-AACE-F59E7F7E0909}.Debug|x64.Build.0 = Debug|x64
		{79B065D7-3655-4D10-AACE-F59E7F7E0909}.Debug|x86.ActiveCfg = Debug|Win32
		{79B065D7-3655-4D10-AACE-F59E7F7E0909}.Debug|x86.Build.0 = Debug|Win32
		{79B065D7-3655-4D10-AACE-F59E7F7E0909}.Release|x64.ActiveCfg = Release|x64
		{79B065D7-3655-4D10-AACE-F59E7F7E0909}.Release|x64.Build.0 = Release|x64
		{79B065D7-3655-4D10-AACE-F59E7F7E0909}.Release|x86.ActiveCfg = Release|Win32
		{79B065D7-3655-4D10-AACE-F59E7F7E0909}.Release|x86.Build.0 = Release|Win32
		{21D89C52-417F-447C-B110-7B102EFE8A36}.Debug|x64.ActiveCfg = Debug|x64
		{21D89C52-417F-447C-B110-7B102EFE8A36}.Debug|x64.Build.0 = Debug|x64
		{21D89C52-417F-447C-B110-7B102EFE8A36}.Debug|x86.ActiveCfg = Debug|Win32
		{21D89C52-417F-447C-B110-7B102EFE8A36}.Debug|x86.Build.0 = Debug|Win32
		{21D89C52-417F-447C-B110-7B102EFE8A36}.Release|x64.ActiveCfg = Release|x64
		{21D89C52-417F-447C-B110-7B102EFE8A36}.Release|x64.Build.0 = Release|x64
		{21D89C52-417F-447C-B110-7B102EFE8A36}.Release|x86.ActiveCfg = Release|Win32
		{21D89C52-417F-447C-B110-7B102EFE8A36}.Release|x86.Build.0 = Release|Win32
		{92EF093B-1CA1-463A-B915-CE331BE576BD}.Debug|x64.ActiveCfg = Debug|x64
		{92EF093B-1CA1-463A-B915-CE331BE576BD}.Debug|x64.Build.0 = Debug|x64
		{92EF093B-1CA1-463A-B915-CE331BE576BD}.Debug|x86.ActiveCfg = Debug|Win32
		{92EF093B-1CA1-463A-B915-CE331BE576BD}.Debug|x86.Build.0 = Debug|Win32
		{92EF093B-1CA1-463A-B915-CE331BE576BD}.Release|x64.ActiveCfg = Release|x64
		{92EF093B-1CA1-463A-B915-CE331BE576BD}.Release|x64.Build.0 = Release|x64
		{92EF093B-1CA1-463A-B915-CE331BE576BD}.Release|x86.ActiveCfg = Release|Win32
		{92EF093B-1CA1-463A-B915-CE331BE576BD}.Release|x86.Build.0 = Release|Win32
		{CF5262F4-124B-4F45-BAE0-75694100EE89}.Debug|x64.ActiveCfg = Debug|x64
		{CF5262F4-124B-4F45-BAE0-75694100EE89}.Debug|x64.Build.0 = Debug|x64
		{CF5262F4-124B-4F45-BAE0-75694100EE89}.Debug|x86.ActiveCfg = Debug|Win32
		{CF5262F4-124B-4F45-BAE0-75694100EE89}.Debug|x86.Build.0 = Debug|Win32
		{CF5262F4-124B-4F45-BAE0-75694100EE89}.Release|x64.ActiveCfg = Release|x64
		{CF5262F4-124B-4F45-BAE0-75694100EE89}.Release|x64.Build.0 = Release|x64
		{CF5262F4-124B-4F45-BAE0-75694100EE89}.Release|x86.ActiveCfg = Release|Win32
		{CF5262F4-124B-4F45-BAE0-75694100EE89}.Release|x86.Build.0 = Release|Win32
	EndGlobalSection
	GlobalSection(SolutionProperties) = preSolution
		HideSolutionNode = FALSE
	EndGlobalSection
	GlobalSection(ExtensibilityGlobals) = postSolution
		SolutionGuid = {0BAE56D6-AC66-4B6B-B1EF-E0D41FB207AB}
	EndGlobalSection
EndGlobal
